
Microsoft Visual Studio Solution File, Format Version 12.00
# Visual Studio Version 17
VisualStudioVersion = 17.14.36414.22 d17.14
MinimumVisualStudioVersion = 10.0.40219.1
Project("{FAE04EC0-301F-11D3-BF4B-00C04F79EFBC}") = "eCommerce.SharedLibrary", "eCommerce.SharedLibrary\eCommerce.SharedLibrary.csproj", "{CEA86161-4E16-4C4D-88B2-41DF0AC38101}"
EndProject
Global
	GlobalSection(SolutionConfigurationPlatforms) = preSolution
		Debug|Any CPU = Debug|Any CPU
		Release|Any CPU = Release|Any CPU
	EndGlobalSection
	GlobalSection(ProjectConfigurationPlatforms) = postSolution
		{CEA86161-4E16-4C4D-88B2-41DF0AC38101}.Debug|Any CPU.ActiveCfg = Debug|Any CPU
		{CEA86161-4E16-4C4D-88B2-41DF0AC38101}.Debug|Any CPU.Build.0 = Debug|Any CPU
		{CEA86161-4E16-4C4D-88B2-41DF0AC38101}.Release|Any CPU.ActiveCfg = Release|Any CPU
		{CEA86161-4E16-4C4D-88B2-41DF0AC38101}.Release|Any CPU.Build.0 = Release|Any CPU
	EndGlobalSection
	GlobalSection(SolutionProperties) = preSolution
		HideSolutionNode = FALSE
	EndGlobalSection
	GlobalSection(ExtensibilityGlobals) = postSolution
		SolutionGuid = {DAF9B715-3AEC-4E6C-9610-C6F3813E4E93}
	EndGlobalSection
EndGlobal
